
Microsoft Visual Studio Solution File, Format Version 12.00
# Visual Studio Version 16
VisualStudioVersion = 16.0.30413.136
MinimumVisualStudioVersion = 10.0.40219.1
Project("{FAE04EC0-301F-11D3-BF4B-00C04F79EFBC}") = "FichesDeCalculs.Android", "FichesDeCalculs.Android\FichesDeCalculs.Android.csproj", "{51E1D5E5-DA42-4141-85A0-68B1EC68157E}"
EndProject
Project("{FAE04EC0-301F-11D3-BF4B-00C04F79EFBC}") = "FichesDeCalculs.iOS", "FichesDeCalculs.iOS\FichesDeCalculs.iOS.csproj", "{957182F5-76BB-4138-A6EE-C36922690735}"
EndProject
Project("{FAE04EC0-301F-11D3-BF4B-00C04F79EFBC}") = "FichesDeCalculs", "FichesDeCalculs\FichesDeCalculs.csproj", "{D2B013ED-C08E-4A77-BF57-445D7D3A3B00}"
EndProject
Global
	GlobalSection(SolutionConfigurationPlatforms) = preSolution
		Debug|Any CPU = Debug|Any CPU
		Debug|iPhone = Debug|iPhone
		Debug|iPhoneSimulator = Debug|iPhoneSimulator
		Release|Any CPU = Release|Any CPU
		Release|iPhone = Release|iPhone
		Release|iPhoneSimulator = Release|iPhoneSimulator
	EndGlobalSection
	GlobalSection(ProjectConfigurationPlatforms) = postSolution
		{51E1D5E5-DA42-4141-85A0-68B1EC68157E}.Debug|Any CPU.ActiveCfg = Debug|Any CPU
		{51E1D5E5-DA42-4141-85A0-68B1EC68157E}.Debug|Any CPU.Build.0 = Debug|Any CPU
		{51E1D5E5-DA42-4141-85A0-68B1EC68157E}.Debug|Any CPU.Deploy.0 = Debug|Any CPU
		{51E1D5E5-DA42-4141-85A0-68B1EC68157E}.Debug|iPhone.ActiveCfg = Debug|Any CPU
		{51E1D5E5-DA42-4141-85A0-68B1EC68157E}.Debug|iPhone.Build.0 = Debug|Any CPU
		{51E1D5E5-DA42-4141-85A0-68B1EC68157E}.Debug|iPhone.Deploy.0 = Debug|Any CPU
		{51E1D5E5-DA42-4141-85A0-68B1EC68157E}.Debug|iPhoneSimulator.ActiveCfg = Debug|Any CPU
		{51E1D5E5-DA42-4141-85A0-68B1EC68157E}.Debug|iPhoneSimulator.Build.0 = Debug|Any CPU
		{51E1D5E5-DA42-4141-85A0-68B1EC68157E}.Debug|iPhoneSimulator.Deploy.0 = Debug|Any CPU
		{51E1D5E5-DA42-4141-85A0-68B1EC68157E}.Release|Any CPU.ActiveCfg = Release|Any CPU
		{51E1D5E5-DA42-4141-85A0-68B1EC68157E}.Release|Any CPU.Build.0 = Release|Any CPU
		{51E1D5E5-DA42-4141-85A0-68B1EC68157E}.Release|Any CPU.Deploy.0 = Release|Any CPU
		{51E1D5E5-DA42-4141-85A0-68B1EC68157E}.Release|iPhone.ActiveCfg = Release|Any CPU
		{51E1D5E5-DA42-4141-85A0-68B1EC68157E}.Release|iPhone.Build.0 = Release|Any CPU
		{51E1D5E5-DA42-4141-85A0-68B1EC68157E}.Release|iPhone.Deploy.0 = Release|Any CPU
		{51E1D5E5-DA42-4141-85A0-68B1EC68157E}.Release|iPhoneSimulator.ActiveCfg = Release|Any CPU
		{51E1D5E5-DA42-4141-85A0-68B1EC68157E}.Release|iPhoneSimulator.Build.0 = Release|Any CPU
		{51E1D5E5-DA42-4141-85A0-68B1EC68157E}.Release|iPhoneSimulator.Deploy.0 = Release|Any CPU
		{957182F5-76BB-4138-A6EE-C36922690735}.Debug|Any CPU.ActiveCfg = Debug|iPhone
		{957182F5-76BB-4138-A6EE-C36922690735}.Debug|Any CPU.Build.0 = Debug|iPhone
		{957182F5-76BB-4138-A6EE-C36922690735}.Debug|Any CPU.Deploy.0 = Debug|iPhone
		{957182F5-76BB-4138-A6EE-C36922690735}.Debug|iPhone.ActiveCfg = Debug|iPhone
		{957182F5-76BB-4138-A6EE-C36922690735}.Debug|iPhone.Build.0 = Debug|iPhone
		{957182F5-76BB-4138-A6EE-C36922690735}.Debug|iPhone.Deploy.0 = Debug|iPhone
		{957182F5-76BB-4138-A6EE-C36922690735}.Debug|iPhoneSimulator.ActiveCfg = Debug|iPhoneSimulator
		{957182F5-76BB-4138-A6EE-C36922690735}.Debug|iPhoneSimulator.Build.0 = Debug|iPhoneSimulator
		{957182F5-76BB-4138-A6EE-C36922690735}.Debug|iPhoneSimulator.Deploy.0 = Debug|iPhoneSimulator
		{957182F5-76BB-4138-A6EE-C36922690735}.Release|Any CPU.ActiveCfg = Release|iPhone
		{957182F5-76BB-4138-A6EE-C36922690735}.Release|Any CPU.Build.0 = Release|iPhone
		{957182F5-76BB-4138-A6EE-C36922690735}.Release|Any CPU.Deploy.0 = Release|iPhone
		{957182F5-76BB-4138-A6EE-C36922690735}.Release|iPhone.ActiveCfg = Release|iPhone
		{957182F5-76BB-4138-A6EE-C36922690735}.Release|iPhone.Build.0 = Release|iPhone
		{957182F5-76BB-4138-A6EE-C36922690735}.Release|iPhone.Deploy.0 = Release|iPhone
		{957182F5-76BB-4138-A6EE-C36922690735}.Release|iPhoneSimulator.ActiveCfg = Release|iPhoneSimulator
		{957182F5-76BB-4138-A6EE-C36922690735}.Release|iPhoneSimulator.Build.0 = Release|iPhoneSimulator
		{957182F5-76BB-4138-A6EE-C36922690735}.Release|iPhoneSimulator.Deploy.0 = Release|iPhoneSimulator
		{D2B013ED-C08E-4A77-BF57-445D7D3A3B00}.Debug|Any CPU.ActiveCfg = Debug|Any CPU
		{D2B013ED-C08E-4A77-BF57-445D7D3A3B00}.Debug|Any CPU.Build.0 = Debug|Any CPU
		{D2B013ED-C08E-4A77-BF57-445D7D3A3B00}.Debug|Any CPU.Deploy.0 = Debug|Any CPU
		{D2B013ED-C08E-4A77-BF57-445D7D3A3B00}.Debug|iPhone.ActiveCfg = Debug|Any CPU
		{D2B013ED-C08E-4A77-BF57-445D7D3A3B00}.Debug|iPhone.Build.0 = Debug|Any CPU
		{D2B013ED-C08E-4A77-BF57-445D7D3A3B00}.Debug|iPhone.Deploy.0 = Debug|Any CPU
		{D2B013ED-C08E-4A77-BF57-445D7D3A3B00}.Debug|iPhoneSimulator.ActiveCfg = Debug|Any CPU
		{D2B013ED-C08E-4A77-BF57-445D7D3A3B00}.Debug|iPhoneSimulator.Build.0 = Debug|Any CPU
		{D2B013ED-C08E-4A77-BF57-445D7D3A3B00}.Debug|iPhoneSimulator.Deploy.0 = Debug|Any CPU
		{D2B013ED-C08E-4A77-BF57-445D7D3A3B00}.Release|Any CPU.ActiveCfg = Release|Any CPU
		{D2B013ED-C08E-4A77-BF57-445D7D3A3B00}.Release|Any CPU.Build.0 = Release|Any CPU
		{D2B013ED-C08E-4A77-BF57-445D7D3A3B00}.Release|Any CPU.Deploy.0 = Release|Any CPU
		{D2B013ED-C08E-4A77-BF57-445D7D3A3B00}.Release|iPhone.ActiveCfg = Release|Any CPU
		{D2B013ED-C08E-4A77-BF57-445D7D3A3B00}.Release|iPhone.Build.0 = Release|Any CPU
		{D2B013ED-C08E-4A77-BF57-445D7D3A3B00}.Release|iPhone.Deploy.0 = Release|Any CPU
		{D2B013ED-C08E-4A77-BF57-445D7D3A3B00}.Release|iPhoneSimulator.ActiveCfg = Release|Any CPU
		{D2B013ED-C08E-4A77-BF57-445D7D3A3B00}.Release|iPhoneSimulator.Build.0 = Release|Any CPU
		{D2B013ED-C08E-4A77-BF57-445D7D3A3B00}.Release|iPhoneSimulator.Deploy.0 = Release|Any CPU
	EndGlobalSection
	GlobalSection(SolutionProperties) = preSolution
		HideSolutionNode = FALSE
	EndGlobalSection
	GlobalSection(ExtensibilityGlobals) = postSolution
		SolutionGuid = {4B08DF98-F957-41DC-BC05-881980B18F97}
	EndGlobalSection
EndGlobal
